// !$*UTF8*$!
{
	archiveVersion = 1;
	classes = {
	};
	objectVersion = 60;
	objects = {

/* Begin PBXBuildFile section */
		E806E9FA2C97E1B10081D3E8 /* ContentView.swift in Sources */ = {isa = PBXBuildFile; fileRef = E806E9F92C97E1B10081D3E8 /* ContentView.swift */; };
		E806E9FC2C97E1B20081D3E8 /* Assets.xcassets in Resources */ = {isa = PBXBuildFile; fileRef = E806E9FB2C97E1B20081D3E8 /* Assets.xcassets */; };
		E806E9FF2C97E1B20081D3E8 /* Preview Assets.xcassets in Resources */ = {isa = PBXBuildFile; fileRef = E806E9FE2C97E1B20081D3E8 /* Preview Assets.xcassets */; };
		E806EA2D2C982E8B0081D3E8 /* CurrentFile.swift in Sources */ = {isa = PBXBuildFile; fileRef = E806EA2C2C982E8B0081D3E8 /* CurrentFile.swift */; };
		E806EA302C991CF70081D3E8 /* DSEmulatorMobile in Frameworks */ = {isa = PBXBuildFile; productRef = E806EA2F2C991CF70081D3E8 /* DSEmulatorMobile */; };
		E806EA322C9935D00081D3E8 /* GraphicsParser.swift in Sources */ = {isa = PBXBuildFile; fileRef = E806EA312C9935D00081D3E8 /* GraphicsParser.swift */; };
		E806EA5A2C9A834D0081D3E8 /* SettingsView.swift in Sources */ = {isa = PBXBuildFile; fileRef = E806EA592C9A834D0081D3E8 /* SettingsView.swift */; };
		E806EA5C2C9A8EA70081D3E8 /* GameController.swift in Sources */ = {isa = PBXBuildFile; fileRef = E806EA5B2C9A8EA70081D3E8 /* GameController.swift */; };
		E806EA5E2C9BD6420081D3E8 /* Game.swift in Sources */ = {isa = PBXBuildFile; fileRef = E806EA5D2C9BD6420081D3E8 /* Game.swift */; };
		E806EA602C9BF9840081D3E8 /* GameView.swift in Sources */ = {isa = PBXBuildFile; fileRef = E806EA5F2C9BF9840081D3E8 /* GameView.swift */; };
		E806EA702CA0D8330081D3E8 /* game_db.json in Resources */ = {isa = PBXBuildFile; fileRef = E806EA6F2CA0D8330081D3E8 /* game_db.json */; };
		E806EA722CA0DA720081D3E8 /* GameEntry.swift in Sources */ = {isa = PBXBuildFile; fileRef = E806EA712CA0DA720081D3E8 /* GameEntry.swift */; };
		E806EA742CA0EE100081D3E8 /* BackupFile.swift in Sources */ = {isa = PBXBuildFile; fileRef = E806EA732CA0EE100081D3E8 /* BackupFile.swift */; };
		E806EA782CA1078F0081D3E8 /* TouchControlsView.swift in Sources */ = {isa = PBXBuildFile; fileRef = E806EA772CA1078F0081D3E8 /* TouchControlsView.swift */; };
		E806EA7A2CA1117E0081D3E8 /* GamesListView.swift in Sources */ = {isa = PBXBuildFile; fileRef = E806EA792CA1117E0081D3E8 /* GamesListView.swift */; };
		E806EA7C2CA115FA0081D3E8 /* CloudService.swift in Sources */ = {isa = PBXBuildFile; fileRef = E806EA7B2CA115FA0081D3E8 /* CloudService.swift */; };
		E806EA9A2CA1284B0081D3E8 /* .gitignore in Resources */ = {isa = PBXBuildFile; fileRef = E806EA992CA1284B0081D3E8 /* .gitignore */; };
		E806EA9C2CA246760081D3E8 /* DriveResponse.swift in Sources */ = {isa = PBXBuildFile; fileRef = E806EA9B2CA246760081D3E8 /* DriveResponse.swift */; };
		E806EA9E2CA2498B0081D3E8 /* FileJSON.swift in Sources */ = {isa = PBXBuildFile; fileRef = E806EA9D2CA2498B0081D3E8 /* FileJSON.swift */; };
		E806EAA02CA3AD080081D3E8 /* SaveManagementView.swift in Sources */ = {isa = PBXBuildFile; fileRef = E806EA9F2CA3AD080081D3E8 /* SaveManagementView.swift */; };
		E806EAA42CA3B2300081D3E8 /* SaveEntry.swift in Sources */ = {isa = PBXBuildFile; fileRef = E806EAA32CA3B2300081D3E8 /* SaveEntry.swift */; };
		E806EAA62CA3B3540081D3E8 /* GameEntryView.swift in Sources */ = {isa = PBXBuildFile; fileRef = E806EAA52CA3B3540081D3E8 /* GameEntryView.swift */; };
		E8293CBE2E28AD240052BEA4 /* GBCEmulatorMobile in Frameworks */ = {isa = PBXBuildFile; productRef = E8293CBD2E28AD240052BEA4 /* GBCEmulatorMobile */; };
		E8293CCA2E28B6C30052BEA4 /* Playable.swift in Sources */ = {isa = PBXBuildFile; fileRef = E8293CC92E28B6B20052BEA4 /* Playable.swift */; };
		E8293CCE2E2A05E00052BEA4 /* EmulatorWrapper.swift in Sources */ = {isa = PBXBuildFile; fileRef = E8293CCD2E2A05DE0052BEA4 /* EmulatorWrapper.swift */; };
		E82A46F82D9B41210059BB67 /* PixelEmu-Info.plist in Resources */ = {isa = PBXBuildFile; fileRef = E82A46F72D9B41210059BB67 /* PixelEmu-Info.plist */; };
		E82A46FA2D9B41380059BB67 /* PixelEmuApp.swift in Sources */ = {isa = PBXBuildFile; fileRef = E82A46F92D9B41380059BB67 /* PixelEmuApp.swift */; };
		E84B3A8C2D016205003E0061 /* GBABackupFile.swift in Sources */ = {isa = PBXBuildFile; fileRef = E84B3A8B2D016205003E0061 /* GBABackupFile.swift */; };
		E84EE44F2D04024700CF15ED /* GBASaveState.swift in Sources */ = {isa = PBXBuildFile; fileRef = E84EE44E2D04024700CF15ED /* GBASaveState.swift */; };
		E84EE4512D0403B000CF15ED /* GBAStateView.swift in Sources */ = {isa = PBXBuildFile; fileRef = E84EE4502D0403B000CF15ED /* GBAStateView.swift */; };
		E88C68492E2AFEB500A7085E /* GBCGame.swift in Sources */ = {isa = PBXBuildFile; fileRef = E88C68482E2AFEB500A7085E /* GBCGame.swift */; };
		E88C684D2E2B017D00A7085E /* GamesListViewInner.swift in Sources */ = {isa = PBXBuildFile; fileRef = E88C684C2E2B017D00A7085E /* GamesListViewInner.swift */; };
		E89681A72CD440CF00F7A316 /* StateManager.swift in Sources */ = {isa = PBXBuildFile; fileRef = E89681A62CD440CF00F7A316 /* StateManager.swift */; };
		E89681A92CD561A100F7A316 /* ControllerMappingsView.swift in Sources */ = {isa = PBXBuildFile; fileRef = E89681A82CD561A100F7A316 /* ControllerMappingsView.swift */; };
		E89681AD2CD6D68500F7A316 /* ControllerMappingButtonView.swift in Sources */ = {isa = PBXBuildFile; fileRef = E89681AC2CD6D68500F7A316 /* ControllerMappingButtonView.swift */; };
		E896C28D2CA67FFA008161AA /* AudioManager.swift in Sources */ = {isa = PBXBuildFile; fileRef = E896C28C2CA67FFA008161AA /* AudioManager.swift */; };
		E8A214ED2CD052B700173E06 /* OrientationInfo.swift in Sources */ = {isa = PBXBuildFile; fileRef = E8A214EC2CD052B700173E06 /* OrientationInfo.swift */; };
		E8A214EF2CD0553800173E06 /* DualScreenView.swift in Sources */ = {isa = PBXBuildFile; fileRef = E8A214EE2CD0553800173E06 /* DualScreenView.swift */; };
		E8A334022CFABD6600765ABB /* GBATouchControlsView.swift in Sources */ = {isa = PBXBuildFile; fileRef = E8A334012CFABD6600765ABB /* GBATouchControlsView.swift */; };
		E8A334042CFACF8C00765ABB /* GBAScreenView.swift in Sources */ = {isa = PBXBuildFile; fileRef = E8A334032CFACF8C00765ABB /* GBAScreenView.swift */; };
		E8A334062CFAD03A00765ABB /* GBAScreenViewWrapper.swift in Sources */ = {isa = PBXBuildFile; fileRef = E8A334052CFAD03A00765ABB /* GBAScreenViewWrapper.swift */; };
		E8A5893E2D02C01C009D4337 /* MainSaveManagementView.swift in Sources */ = {isa = PBXBuildFile; fileRef = E8A5893D2D02C01C009D4337 /* MainSaveManagementView.swift */; };
		E8A589482D03ED2E009D4337 /* GBAStateEntriesView.swift in Sources */ = {isa = PBXBuildFile; fileRef = E8A589472D03ED2E009D4337 /* GBAStateEntriesView.swift */; };
		E8BA68132CC4537100CE7E54 /* DeleteDialog.swift in Sources */ = {isa = PBXBuildFile; fileRef = E8BA68122CC4537100CE7E54 /* DeleteDialog.swift */; };
		E8BA68152CC4790800CE7E54 /* ResumeGameDialog.swift in Sources */ = {isa = PBXBuildFile; fileRef = E8BA68142CC4790800CE7E54 /* ResumeGameDialog.swift */; };
		E8BA681F2CC49A3900CE7E54 /* DepartureMono.woff2 in Resources */ = {isa = PBXBuildFile; fileRef = E8BA681C2CC49A3900CE7E54 /* DepartureMono.woff2 */; };
		E8BA68202CC49A3900CE7E54 /* DepartureMono.woff in Resources */ = {isa = PBXBuildFile; fileRef = E8BA681D2CC49A3900CE7E54 /* DepartureMono.woff */; };
		E8BA68212CC49A3900CE7E54 /* DepartureMono.otf in Resources */ = {isa = PBXBuildFile; fileRef = E8BA681E2CC49A3900CE7E54 /* DepartureMono.otf */; };
		E8BBBC682CF96AD10065EF4E /* GBAGame.swift in Sources */ = {isa = PBXBuildFile; fileRef = E8BBBC672CF96AD10065EF4E /* GBAGame.swift */; };
		E8BBBC6A2CF96AEA0065EF4E /* MainLibraryView.swift in Sources */ = {isa = PBXBuildFile; fileRef = E8BBBC692CF96AEA0065EF4E /* MainLibraryView.swift */; };
		E8BBBC7E2CF981510065EF4E /* GBAEmulatorMobile in Frameworks */ = {isa = PBXBuildFile; productRef = E8BBBC7D2CF981510065EF4E /* GBAEmulatorMobile */; };
		E8BBBC862CFA71A20065EF4E /* ArtworkService.swift in Sources */ = {isa = PBXBuildFile; fileRef = E8BBBC852CFA71A20065EF4E /* ArtworkService.swift */; };
		E8BBBC882CFA91090065EF4E /* gba_bios.bin in Resources */ = {isa = PBXBuildFile; fileRef = E8BBBC872CFA91090065EF4E /* gba_bios.bin */; };
		E8C245E22CB0F4E300B6DF67 /* GameScreen.swift in Sources */ = {isa = PBXBuildFile; fileRef = E8C245E12CB0F4E300B6DF67 /* GameScreen.swift */; };
		E8C245E42CB0F88B00B6DF67 /* GameScreenView.swift in Sources */ = {isa = PBXBuildFile; fileRef = E8C245E32CB0F88B00B6DF67 /* GameScreenView.swift */; };
		E8C245EB2CBCAA7300B6DF67 /* drastic_bios_readme.txt in Resources */ = {isa = PBXBuildFile; fileRef = E8C245E82CBCAA7300B6DF67 /* drastic_bios_readme.txt */; };
		E8C245EC2CBCAA7300B6DF67 /* drastic_bios_arm9.bin in Resources */ = {isa = PBXBuildFile; fileRef = E8C245E92CBCAA7300B6DF67 /* drastic_bios_arm9.bin */; };
		E8C245ED2CBCAA7300B6DF67 /* drastic_bios_arm7.bin in Resources */ = {isa = PBXBuildFile; fileRef = E8C245EA2CBCAA7300B6DF67 /* drastic_bios_arm7.bin */; };
		E8C245EF2CBCC36F00B6DF67 /* DualScreenViewWrapper.swift in Sources */ = {isa = PBXBuildFile; fileRef = E8C245EE2CBCC36F00B6DF67 /* DualScreenViewWrapper.swift */; };
		E8C245F62CBDBA4500B6DF67 /* GameMenuView.swift in Sources */ = {isa = PBXBuildFile; fileRef = E8C245F52CBDBA4500B6DF67 /* GameMenuView.swift */; };
		E8C245F82CBE043B00B6DF67 /* SaveState.swift in Sources */ = {isa = PBXBuildFile; fileRef = E8C245F72CBE043B00B6DF67 /* SaveState.swift */; };
		E8C245FD2CBE06DD00B6DF67 /* SaveStateEntriesView.swift in Sources */ = {isa = PBXBuildFile; fileRef = E8C245FC2CBE06DD00B6DF67 /* SaveStateEntriesView.swift */; };
		E8C246022CBE08D600B6DF67 /* SaveStateView.swift in Sources */ = {isa = PBXBuildFile; fileRef = E8C246012CBE08D600B6DF67 /* SaveStateView.swift */; };
		E8DF26BC2CC5F43800A88821 /* GameEntryViewWrapper.swift in Sources */ = {isa = PBXBuildFile; fileRef = E8DF26BB2CC5F43800A88821 /* GameEntryViewWrapper.swift */; };
		E8DF26BE2CC5F99600A88821 /* LoadStatesView.swift in Sources */ = {isa = PBXBuildFile; fileRef = E8DF26BD2CC5F99600A88821 /* LoadStatesView.swift */; };
		E8DF26C02CC5FA5000A88821 /* LoadStateEntryView.swift in Sources */ = {isa = PBXBuildFile; fileRef = E8DF26BF2CC5FA5000A88821 /* LoadStateEntryView.swift */; };
		E8EE5D862CC2216300CD77B6 /* CurrentView.swift in Sources */ = {isa = PBXBuildFile; fileRef = E8EE5D852CC2216300CD77B6 /* CurrentView.swift */; };
		E8EE5D882CC2221600CD77B6 /* LibraryView.swift in Sources */ = {isa = PBXBuildFile; fileRef = E8EE5D872CC2221600CD77B6 /* LibraryView.swift */; };
		E8EE5D8A2CC2227600CD77B6 /* ImportGamesView.swift in Sources */ = {isa = PBXBuildFile; fileRef = E8EE5D892CC2227600CD77B6 /* ImportGamesView.swift */; };
		E8EE5D932CC238F500CD77B6 /* NavigationBarView.swift in Sources */ = {isa = PBXBuildFile; fileRef = E8EE5D922CC238F500CD77B6 /* NavigationBarView.swift */; };
		E8EE5D952CC342CA00CD77B6 /* GameEntryModal.swift in Sources */ = {isa = PBXBuildFile; fileRef = E8EE5D942CC342CA00CD77B6 /* GameEntryModal.swift */; };
		E8EE5D972CC3491A00CD77B6 /* Colors.swift in Sources */ = {isa = PBXBuildFile; fileRef = E8EE5D962CC3491A00CD77B6 /* Colors.swift */; };
		E8EE5D9A2CC35F8B00CD77B6 /* AlertModal.swift in Sources */ = {isa = PBXBuildFile; fileRef = E8EE5D992CC35F8B00CD77B6 /* AlertModal.swift */; };
		E8EE5DA42CC37A8300CD77B6 /* ColorExtension.swift in Sources */ = {isa = PBXBuildFile; fileRef = E8EE5DA32CC37A8300CD77B6 /* ColorExtension.swift */; };
/* End PBXBuildFile section */

/* Begin PBXFileReference section */
		0F25C770C3BB0D97257F1E0A /* Pods-PixelEmu.release.xcconfig */ = {isa = PBXFileReference; includeInIndex = 1; lastKnownFileType = text.xcconfig; name = "Pods-PixelEmu.release.xcconfig"; path = "Target Support Files/Pods-PixelEmu/Pods-PixelEmu.release.xcconfig"; sourceTree = "<group>"; };
		2C75F72BAAA59A0FBAF161BC /* Pods-PixelEmu.debug.xcconfig */ = {isa = PBXFileReference; includeInIndex = 1; lastKnownFileType = text.xcconfig; name = "Pods-PixelEmu.debug.xcconfig"; path = "Target Support Files/Pods-PixelEmu/Pods-PixelEmu.debug.xcconfig"; sourceTree = "<group>"; };
		86E4C2EF5B29D1271A65F62E /* Pods-PixelEmu-PixelEmuUITests.release.xcconfig */ = {isa = PBXFileReference; includeInIndex = 1; lastKnownFileType = text.xcconfig; name = "Pods-PixelEmu-PixelEmuUITests.release.xcconfig"; path = "Target Support Files/Pods-PixelEmu-PixelEmuUITests/Pods-PixelEmu-PixelEmuUITests.release.xcconfig"; sourceTree = "<group>"; };
		886027EC5BD62B0B85C87910 /* Pods-PixelEmuTests.release.xcconfig */ = {isa = PBXFileReference; includeInIndex = 1; lastKnownFileType = text.xcconfig; name = "Pods-PixelEmuTests.release.xcconfig"; path = "Target Support Files/Pods-PixelEmuTests/Pods-PixelEmuTests.release.xcconfig"; sourceTree = "<group>"; };
		A4606BE077067A560D847119 /* Pods-PixelEmuTests.debug.xcconfig */ = {isa = PBXFileReference; includeInIndex = 1; lastKnownFileType = text.xcconfig; name = "Pods-PixelEmuTests.debug.xcconfig"; path = "Target Support Files/Pods-PixelEmuTests/Pods-PixelEmuTests.debug.xcconfig"; sourceTree = "<group>"; };
		E806E9F42C97E1B10081D3E8 /* PixelEmu.app */ = {isa = PBXFileReference; explicitFileType = wrapper.application; includeInIndex = 0; path = PixelEmu.app; sourceTree = BUILT_PRODUCTS_DIR; };
		E806E9F92C97E1B10081D3E8 /* ContentView.swift */ = {isa = PBXFileReference; lastKnownFileType = sourcecode.swift; path = ContentView.swift; sourceTree = "<group>"; };
		E806E9FB2C97E1B20081D3E8 /* Assets.xcassets */ = {isa = PBXFileReference; lastKnownFileType = folder.assetcatalog; path = Assets.xcassets; sourceTree = "<group>"; };
		E806E9FE2C97E1B20081D3E8 /* Preview Assets.xcassets */ = {isa = PBXFileReference; lastKnownFileType = folder.assetcatalog; path = "Preview Assets.xcassets"; sourceTree = "<group>"; };
		E806EA2C2C982E8B0081D3E8 /* CurrentFile.swift */ = {isa = PBXFileReference; lastKnownFileType = sourcecode.swift; path = CurrentFile.swift; sourceTree = "<group>"; };
		E806EA312C9935D00081D3E8 /* GraphicsParser.swift */ = {isa = PBXFileReference; lastKnownFileType = sourcecode.swift; path = GraphicsParser.swift; sourceTree = "<group>"; };
		E806EA592C9A834D0081D3E8 /* SettingsView.swift */ = {isa = PBXFileReference; lastKnownFileType = sourcecode.swift; path = SettingsView.swift; sourceTree = "<group>"; };
		E806EA5B2C9A8EA70081D3E8 /* GameController.swift */ = {isa = PBXFileReference; lastKnownFileType = sourcecode.swift; path = GameController.swift; sourceTree = "<group>"; };
		E806EA5D2C9BD6420081D3E8 /* Game.swift */ = {isa = PBXFileReference; lastKnownFileType = sourcecode.swift; path = Game.swift; sourceTree = "<group>"; };
		E806EA5F2C9BF9840081D3E8 /* GameView.swift */ = {isa = PBXFileReference; lastKnownFileType = sourcecode.swift; path = GameView.swift; sourceTree = "<group>"; };
		E806EA6F2CA0D8330081D3E8 /* game_db.json */ = {isa = PBXFileReference; fileEncoding = 4; lastKnownFileType = text.json; path = game_db.json; sourceTree = "<group>"; };
		E806EA712CA0DA720081D3E8 /* GameEntry.swift */ = {isa = PBXFileReference; lastKnownFileType = sourcecode.swift; path = GameEntry.swift; sourceTree = "<group>"; };
		E806EA732CA0EE100081D3E8 /* BackupFile.swift */ = {isa = PBXFileReference; lastKnownFileType = sourcecode.swift; path = BackupFile.swift; sourceTree = "<group>"; };
		E806EA772CA1078F0081D3E8 /* TouchControlsView.swift */ = {isa = PBXFileReference; lastKnownFileType = sourcecode.swift; path = TouchControlsView.swift; sourceTree = "<group>"; };
		E806EA792CA1117E0081D3E8 /* GamesListView.swift */ = {isa = PBXFileReference; lastKnownFileType = sourcecode.swift; path = GamesListView.swift; sourceTree = "<group>"; };
		E806EA7B2CA115FA0081D3E8 /* CloudService.swift */ = {isa = PBXFileReference; lastKnownFileType = sourcecode.swift; path = CloudService.swift; sourceTree = "<group>"; };
		E806EA992CA1284B0081D3E8 /* .gitignore */ = {isa = PBXFileReference; lastKnownFileType = text; path = .gitignore; sourceTree = "<group>"; };
		E806EA9B2CA246760081D3E8 /* DriveResponse.swift */ = {isa = PBXFileReference; lastKnownFileType = sourcecode.swift; path = DriveResponse.swift; sourceTree = "<group>"; };
		E806EA9D2CA2498B0081D3E8 /* FileJSON.swift */ = {isa = PBXFileReference; lastKnownFileType = sourcecode.swift; path = FileJSON.swift; sourceTree = "<group>"; };
		E806EA9F2CA3AD080081D3E8 /* SaveManagementView.swift */ = {isa = PBXFileReference; lastKnownFileType = sourcecode.swift; path = SaveManagementView.swift; sourceTree = "<group>"; };
		E806EAA32CA3B2300081D3E8 /* SaveEntry.swift */ = {isa = PBXFileReference; lastKnownFileType = sourcecode.swift; path = SaveEntry.swift; sourceTree = "<group>"; };
		E806EAA52CA3B3540081D3E8 /* GameEntryView.swift */ = {isa = PBXFileReference; lastKnownFileType = sourcecode.swift; path = GameEntryView.swift; sourceTree = "<group>"; };
		E8293CC92E28B6B20052BEA4 /* Playable.swift */ = {isa = PBXFileReference; lastKnownFileType = sourcecode.swift; path = Playable.swift; sourceTree = "<group>"; };
		E8293CCD2E2A05DE0052BEA4 /* EmulatorWrapper.swift */ = {isa = PBXFileReference; lastKnownFileType = sourcecode.swift; path = EmulatorWrapper.swift; sourceTree = "<group>"; };
		E82A46F72D9B41210059BB67 /* PixelEmu-Info.plist */ = {isa = PBXFileReference; lastKnownFileType = text.plist.xml; path = "PixelEmu-Info.plist"; sourceTree = "<group>"; };
		E82A46F92D9B41380059BB67 /* PixelEmuApp.swift */ = {isa = PBXFileReference; lastKnownFileType = sourcecode.swift; path = PixelEmuApp.swift; sourceTree = "<group>"; };
		E84B3A8B2D016205003E0061 /* GBABackupFile.swift */ = {isa = PBXFileReference; lastKnownFileType = sourcecode.swift; path = GBABackupFile.swift; sourceTree = "<group>"; };
		E84EE44E2D04024700CF15ED /* GBASaveState.swift */ = {isa = PBXFileReference; lastKnownFileType = sourcecode.swift; path = GBASaveState.swift; sourceTree = "<group>"; };
		E84EE4502D0403B000CF15ED /* GBAStateView.swift */ = {isa = PBXFileReference; lastKnownFileType = sourcecode.swift; path = GBAStateView.swift; sourceTree = "<group>"; };
		E88C68482E2AFEB500A7085E /* GBCGame.swift */ = {isa = PBXFileReference; lastKnownFileType = sourcecode.swift; path = GBCGame.swift; sourceTree = "<group>"; };
		E88C684C2E2B017D00A7085E /* GamesListViewInner.swift */ = {isa = PBXFileReference; lastKnownFileType = sourcecode.swift; path = GamesListViewInner.swift; sourceTree = "<group>"; };
		E89681A62CD440CF00F7A316 /* StateManager.swift */ = {isa = PBXFileReference; lastKnownFileType = sourcecode.swift; path = StateManager.swift; sourceTree = "<group>"; };
		E89681A82CD561A100F7A316 /* ControllerMappingsView.swift */ = {isa = PBXFileReference; lastKnownFileType = sourcecode.swift; path = ControllerMappingsView.swift; sourceTree = "<group>"; };
		E89681AC2CD6D68500F7A316 /* ControllerMappingButtonView.swift */ = {isa = PBXFileReference; lastKnownFileType = sourcecode.swift; path = ControllerMappingButtonView.swift; sourceTree = "<group>"; };
		E896C28C2CA67FFA008161AA /* AudioManager.swift */ = {isa = PBXFileReference; lastKnownFileType = sourcecode.swift; path = AudioManager.swift; sourceTree = "<group>"; };
		E8A214EC2CD052B700173E06 /* OrientationInfo.swift */ = {isa = PBXFileReference; lastKnownFileType = sourcecode.swift; path = OrientationInfo.swift; sourceTree = "<group>"; };
		E8A214EE2CD0553800173E06 /* DualScreenView.swift */ = {isa = PBXFileReference; lastKnownFileType = sourcecode.swift; path = DualScreenView.swift; sourceTree = "<group>"; };
		E8A334012CFABD6600765ABB /* GBATouchControlsView.swift */ = {isa = PBXFileReference; lastKnownFileType = sourcecode.swift; path = GBATouchControlsView.swift; sourceTree = "<group>"; };
		E8A334032CFACF8C00765ABB /* GBAScreenView.swift */ = {isa = PBXFileReference; lastKnownFileType = sourcecode.swift; path = GBAScreenView.swift; sourceTree = "<group>"; };
		E8A334052CFAD03A00765ABB /* GBAScreenViewWrapper.swift */ = {isa = PBXFileReference; lastKnownFileType = sourcecode.swift; path = GBAScreenViewWrapper.swift; sourceTree = "<group>"; };
		E8A5893D2D02C01C009D4337 /* MainSaveManagementView.swift */ = {isa = PBXFileReference; lastKnownFileType = sourcecode.swift; path = MainSaveManagementView.swift; sourceTree = "<group>"; };
		E8A589472D03ED2E009D4337 /* GBAStateEntriesView.swift */ = {isa = PBXFileReference; lastKnownFileType = sourcecode.swift; path = GBAStateEntriesView.swift; sourceTree = "<group>"; };
		E8BA68122CC4537100CE7E54 /* DeleteDialog.swift */ = {isa = PBXFileReference; lastKnownFileType = sourcecode.swift; path = DeleteDialog.swift; sourceTree = "<group>"; };
		E8BA68142CC4790800CE7E54 /* ResumeGameDialog.swift */ = {isa = PBXFileReference; lastKnownFileType = sourcecode.swift; path = ResumeGameDialog.swift; sourceTree = "<group>"; };
		E8BA681C2CC49A3900CE7E54 /* DepartureMono.woff2 */ = {isa = PBXFileReference; lastKnownFileType = file; path = DepartureMono.woff2; sourceTree = "<group>"; };
		E8BA681D2CC49A3900CE7E54 /* DepartureMono.woff */ = {isa = PBXFileReference; lastKnownFileType = file; path = DepartureMono.woff; sourceTree = "<group>"; };
		E8BA681E2CC49A3900CE7E54 /* DepartureMono.otf */ = {isa = PBXFileReference; lastKnownFileType = file; path = DepartureMono.otf; sourceTree = "<group>"; };
		E8BBBC672CF96AD10065EF4E /* GBAGame.swift */ = {isa = PBXFileReference; lastKnownFileType = sourcecode.swift; path = GBAGame.swift; sourceTree = "<group>"; };
		E8BBBC692CF96AEA0065EF4E /* MainLibraryView.swift */ = {isa = PBXFileReference; lastKnownFileType = sourcecode.swift; path = MainLibraryView.swift; sourceTree = "<group>"; };
		E8BBBC852CFA71A20065EF4E /* ArtworkService.swift */ = {isa = PBXFileReference; lastKnownFileType = sourcecode.swift; path = ArtworkService.swift; sourceTree = "<group>"; };
		E8BBBC872CFA91090065EF4E /* gba_bios.bin */ = {isa = PBXFileReference; lastKnownFileType = archive.macbinary; path = gba_bios.bin; sourceTree = "<group>"; };
		E8C245E12CB0F4E300B6DF67 /* GameScreen.swift */ = {isa = PBXFileReference; lastKnownFileType = sourcecode.swift; path = GameScreen.swift; sourceTree = "<group>"; };
		E8C245E32CB0F88B00B6DF67 /* GameScreenView.swift */ = {isa = PBXFileReference; lastKnownFileType = sourcecode.swift; path = GameScreenView.swift; sourceTree = "<group>"; };
		E8C245E82CBCAA7300B6DF67 /* drastic_bios_readme.txt */ = {isa = PBXFileReference; fileEncoding = 4; lastKnownFileType = text; name = drastic_bios_readme.txt; path = "../../../../rust-projects/ds-emulator/desktop/freebios/drastic_bios_readme.txt"; sourceTree = "<group>"; };
		E8C245E92CBCAA7300B6DF67 /* drastic_bios_arm9.bin */ = {isa = PBXFileReference; lastKnownFileType = archive.macbinary; name = drastic_bios_arm9.bin; path = "../../../../rust-projects/ds-emulator/desktop/freebios/drastic_bios_arm9.bin"; sourceTree = "<group>"; };
		E8C245EA2CBCAA7300B6DF67 /* drastic_bios_arm7.bin */ = {isa = PBXFileReference; lastKnownFileType = archive.macbinary; name = drastic_bios_arm7.bin; path = "../../../../rust-projects/ds-emulator/desktop/freebios/drastic_bios_arm7.bin"; sourceTree = "<group>"; };
		E8C245EE2CBCC36F00B6DF67 /* DualScreenViewWrapper.swift */ = {isa = PBXFileReference; lastKnownFileType = sourcecode.swift; path = DualScreenViewWrapper.swift; sourceTree = "<group>"; };
		E8C245F52CBDBA4500B6DF67 /* GameMenuView.swift */ = {isa = PBXFileReference; lastKnownFileType = sourcecode.swift; path = GameMenuView.swift; sourceTree = "<group>"; };
		E8C245F72CBE043B00B6DF67 /* SaveState.swift */ = {isa = PBXFileReference; lastKnownFileType = sourcecode.swift; path = SaveState.swift; sourceTree = "<group>"; };
		E8C245FC2CBE06DD00B6DF67 /* SaveStateEntriesView.swift */ = {isa = PBXFileReference; lastKnownFileType = sourcecode.swift; path = SaveStateEntriesView.swift; sourceTree = "<group>"; };
		E8C246012CBE08D600B6DF67 /* SaveStateView.swift */ = {isa = PBXFileReference; lastKnownFileType = sourcecode.swift; path = SaveStateView.swift; sourceTree = "<group>"; };
		E8DF26BB2CC5F43800A88821 /* GameEntryViewWrapper.swift */ = {isa = PBXFileReference; lastKnownFileType = sourcecode.swift; path = GameEntryViewWrapper.swift; sourceTree = "<group>"; };
		E8DF26BD2CC5F99600A88821 /* LoadStatesView.swift */ = {isa = PBXFileReference; lastKnownFileType = sourcecode.swift; path = LoadStatesView.swift; sourceTree = "<group>"; };
		E8DF26BF2CC5FA5000A88821 /* LoadStateEntryView.swift */ = {isa = PBXFileReference; lastKnownFileType = sourcecode.swift; path = LoadStateEntryView.swift; sourceTree = "<group>"; };
		E8EE5D852CC2216300CD77B6 /* CurrentView.swift */ = {isa = PBXFileReference; lastKnownFileType = sourcecode.swift; path = CurrentView.swift; sourceTree = "<group>"; };
		E8EE5D872CC2221600CD77B6 /* LibraryView.swift */ = {isa = PBXFileReference; lastKnownFileType = sourcecode.swift; path = LibraryView.swift; sourceTree = "<group>"; };
		E8EE5D892CC2227600CD77B6 /* ImportGamesView.swift */ = {isa = PBXFileReference; lastKnownFileType = sourcecode.swift; path = ImportGamesView.swift; sourceTree = "<group>"; };
		E8EE5D922CC238F500CD77B6 /* NavigationBarView.swift */ = {isa = PBXFileReference; lastKnownFileType = sourcecode.swift; path = NavigationBarView.swift; sourceTree = "<group>"; };
		E8EE5D942CC342CA00CD77B6 /* GameEntryModal.swift */ = {isa = PBXFileReference; lastKnownFileType = sourcecode.swift; path = GameEntryModal.swift; sourceTree = "<group>"; };
		E8EE5D962CC3491A00CD77B6 /* Colors.swift */ = {isa = PBXFileReference; lastKnownFileType = sourcecode.swift; path = Colors.swift; sourceTree = "<group>"; };
		E8EE5D992CC35F8B00CD77B6 /* AlertModal.swift */ = {isa = PBXFileReference; lastKnownFileType = sourcecode.swift; path = AlertModal.swift; sourceTree = "<group>"; };
		E8EE5DA32CC37A8300CD77B6 /* ColorExtension.swift */ = {isa = PBXFileReference; lastKnownFileType = sourcecode.swift; path = ColorExtension.swift; sourceTree = "<group>"; };
		F6D72E464429EADD40F6E67D /* Pods-PixelEmu-PixelEmuUITests.debug.xcconfig */ = {isa = PBXFileReference; includeInIndex = 1; lastKnownFileType = text.xcconfig; name = "Pods-PixelEmu-PixelEmuUITests.debug.xcconfig"; path = "Target Support Files/Pods-PixelEmu-PixelEmuUITests/Pods-PixelEmu-PixelEmuUITests.debug.xcconfig"; sourceTree = "<group>"; };
/* End PBXFileReference section */

/* Begin PBXFrameworksBuildPhase section */
		E806E9F12C97E1B10081D3E8 /* Frameworks */ = {
			isa = PBXFrameworksBuildPhase;
			buildActionMask = 2147483647;
			files = (
				E8BBBC7E2CF981510065EF4E /* GBAEmulatorMobile in Frameworks */,
				E806EA302C991CF70081D3E8 /* DSEmulatorMobile in Frameworks */,
				E8293CBE2E28AD240052BEA4 /* GBCEmulatorMobile in Frameworks */,
			);
			runOnlyForDeploymentPostprocessing = 0;
		};
/* End PBXFrameworksBuildPhase section */

/* Begin PBXGroup section */
		19D49655ECDEBBE8636FE769 /* Frameworks */ = {
			isa = PBXGroup;
			children = (
			);
			name = Frameworks;
			sourceTree = "<group>";
		};
		64BDE64EA0B37E21FEA9C4A6 /* Pods */ = {
			isa = PBXGroup;
			children = (
				2C75F72BAAA59A0FBAF161BC /* Pods-PixelEmu.debug.xcconfig */,
				0F25C770C3BB0D97257F1E0A /* Pods-PixelEmu.release.xcconfig */,
				F6D72E464429EADD40F6E67D /* Pods-PixelEmu-PixelEmuUITests.debug.xcconfig */,
				86E4C2EF5B29D1271A65F62E /* Pods-PixelEmu-PixelEmuUITests.release.xcconfig */,
				A4606BE077067A560D847119 /* Pods-PixelEmuTests.debug.xcconfig */,
				886027EC5BD62B0B85C87910 /* Pods-PixelEmuTests.release.xcconfig */,
			);
			path = Pods;
			sourceTree = "<group>";
		};
		E806E9EB2C97E1B10081D3E8 = {
			isa = PBXGroup;
			children = (
				E806EA992CA1284B0081D3E8 /* .gitignore */,
				E806E9F62C97E1B10081D3E8 /* PixelEmu */,
				E806E9F52C97E1B10081D3E8 /* Products */,
				64BDE64EA0B37E21FEA9C4A6 /* Pods */,
				19D49655ECDEBBE8636FE769 /* Frameworks */,
			);
			sourceTree = "<group>";
		};
		E806E9F52C97E1B10081D3E8 /* Products */ = {
			isa = PBXGroup;
			children = (
				E806E9F42C97E1B10081D3E8 /* PixelEmu.app */,
			);
			name = Products;
			sourceTree = "<group>";
		};
		E806E9F62C97E1B10081D3E8 /* PixelEmu */ = {
			isa = PBXGroup;
			children = (
				E82A46F72D9B41210059BB67 /* PixelEmu-Info.plist */,
				E82A46F92D9B41380059BB67 /* PixelEmuApp.swift */,
				E8EE5DA52CC429CC00CD77B6 /* serializable */,
				E8EE5D8B2CC224E600CD77B6 /* fonts */,
				E8C245E72CBCAA5000B6DF67 /* bin */,
				E806EA6E2CA0D7B70081D3E8 /* json */,
				E806EA672C9E9BA60081D3E8 /* enums */,
				E806EA662C9E9B880081D3E8 /* input */,
				E806EA652C9E9B340081D3E8 /* models */,
				E806EA642C9E9B290081D3E8 /* util */,
				E806EA632C9E9B210081D3E8 /* views */,
				E806E9FB2C97E1B20081D3E8 /* Assets.xcassets */,
				E806E9FD2C97E1B20081D3E8 /* Preview Content */,
			);
			path = PixelEmu;
			sourceTree = "<group>";
		};
		E806E9FD2C97E1B20081D3E8 /* Preview Content */ = {
			isa = PBXGroup;
			children = (
				E806E9FE2C97E1B20081D3E8 /* Preview Assets.xcassets */,
			);
			path = "Preview Content";
			sourceTree = "<group>";
		};
		E806EA632C9E9B210081D3E8 /* views */ = {
			isa = PBXGroup;
			children = (
				E806E9F92C97E1B10081D3E8 /* ContentView.swift */,
				E8C245F12CBCC54F00B6DF67 /* game */,
				E8C245F22CBCC55500B6DF67 /* main */,
				E8EE5D982CC35F6C00CD77B6 /* modals */,
				E8C245F92CBE068700B6DF67 /* save_states */,
			);
			path = views;
			sourceTree = "<group>";
		};
		E806EA642C9E9B290081D3E8 /* util */ = {
			isa = PBXGroup;
			children = (
				E8293CCD2E2A05DE0052BEA4 /* EmulatorWrapper.swift */,
				E8BBBC852CFA71A20065EF4E /* ArtworkService.swift */,
				E896C28C2CA67FFA008161AA /* AudioManager.swift */,
				E806EA732CA0EE100081D3E8 /* BackupFile.swift */,
				E806EA7B2CA115FA0081D3E8 /* CloudService.swift */,
				E8EE5DA32CC37A8300CD77B6 /* ColorExtension.swift */,
				E8EE5D962CC3491A00CD77B6 /* Colors.swift */,
				E84B3A8B2D016205003E0061 /* GBABackupFile.swift */,
				E806EA312C9935D00081D3E8 /* GraphicsParser.swift */,
				E8A214EC2CD052B700173E06 /* OrientationInfo.swift */,
				E89681A62CD440CF00F7A316 /* StateManager.swift */,
			);
			path = util;
			sourceTree = "<group>";
		};
		E806EA652C9E9B340081D3E8 /* models */ = {
			isa = PBXGroup;
			children = (
				E8293CC92E28B6B20052BEA4 /* Playable.swift */,
				E806EA5D2C9BD6420081D3E8 /* Game.swift */,
				E8BBBC672CF96AD10065EF4E /* GBAGame.swift */,
				E806EAA32CA3B2300081D3E8 /* SaveEntry.swift */,
				E8C245F72CBE043B00B6DF67 /* SaveState.swift */,
				E84EE44E2D04024700CF15ED /* GBASaveState.swift */,
				E88C68482E2AFEB500A7085E /* GBCGame.swift */,
			);
			path = models;
			sourceTree = "<group>";
		};
		E806EA662C9E9B880081D3E8 /* input */ = {
			isa = PBXGroup;
			children = (
				E806EA5B2C9A8EA70081D3E8 /* GameController.swift */,
			);
			path = input;
			sourceTree = "<group>";
		};
		E806EA672C9E9BA60081D3E8 /* enums */ = {
			isa = PBXGroup;
			children = (
				E806EA2C2C982E8B0081D3E8 /* CurrentFile.swift */,
				E8EE5D852CC2216300CD77B6 /* CurrentView.swift */,
			);
			path = enums;
			sourceTree = "<group>";
		};
		E806EA6E2CA0D7B70081D3E8 /* json */ = {
			isa = PBXGroup;
			children = (
				E806EA6F2CA0D8330081D3E8 /* game_db.json */,
			);
			path = json;
			sourceTree = "<group>";
		};
		E8293CC12E28AE680052BEA4 /* GBA */ = {
			isa = PBXGroup;
			children = (
				E8A334032CFACF8C00765ABB /* GBAScreenView.swift */,
				E8A334052CFAD03A00765ABB /* GBAScreenViewWrapper.swift */,
				E8A334012CFABD6600765ABB /* GBATouchControlsView.swift */,
			);
			path = GBA;
			sourceTree = "<group>";
		};
		E8293CC22E28AE6E0052BEA4 /* NDS */ = {
			isa = PBXGroup;
			children = (
				E8A214EE2CD0553800173E06 /* DualScreenView.swift */,
				E8C245EE2CBCC36F00B6DF67 /* DualScreenViewWrapper.swift */,
				E8C245E12CB0F4E300B6DF67 /* GameScreen.swift */,
				E8C245E32CB0F88B00B6DF67 /* GameScreenView.swift */,
				E806EA772CA1078F0081D3E8 /* TouchControlsView.swift */,
			);
			path = NDS;
			sourceTree = "<group>";
		};
		E8293CC32E28AE740052BEA4 /* GBC */ = {
			isa = PBXGroup;
			children = (
			);
			path = GBC;
			sourceTree = "<group>";
		};
		E8C245E72CBCAA5000B6DF67 /* bin */ = {
			isa = PBXGroup;
			children = (
				E8BBBC872CFA91090065EF4E /* gba_bios.bin */,
				E8C245EA2CBCAA7300B6DF67 /* drastic_bios_arm7.bin */,
				E8C245E92CBCAA7300B6DF67 /* drastic_bios_arm9.bin */,
				E8C245E82CBCAA7300B6DF67 /* drastic_bios_readme.txt */,
			);
			path = bin;
			sourceTree = "<group>";
		};
		E8C245F12CBCC54F00B6DF67 /* game */ = {
			isa = PBXGroup;
			children = (
				E806EA5F2C9BF9840081D3E8 /* GameView.swift */,
				E8C245F52CBDBA4500B6DF67 /* GameMenuView.swift */,
				E8293CC32E28AE740052BEA4 /* GBC */,
				E8293CC22E28AE6E0052BEA4 /* NDS */,
				E8293CC12E28AE680052BEA4 /* GBA */,
			);
			path = game;
			sourceTree = "<group>";
		};
		E8C245F22CBCC55500B6DF67 /* main */ = {
			isa = PBXGroup;
			children = (
				E8A5893D2D02C01C009D4337 /* MainSaveManagementView.swift */,
				E8BBBC692CF96AEA0065EF4E /* MainLibraryView.swift */,
				E806EAA52CA3B3540081D3E8 /* GameEntryView.swift */,
				E806EA792CA1117E0081D3E8 /* GamesListView.swift */,
				E8DF26BB2CC5F43800A88821 /* GameEntryViewWrapper.swift */,
				E89681AC2CD6D68500F7A316 /* ControllerMappingButtonView.swift */,
				E8EE5D892CC2227600CD77B6 /* ImportGamesView.swift */,
				E89681A82CD561A100F7A316 /* ControllerMappingsView.swift */,
				E8EE5D872CC2221600CD77B6 /* LibraryView.swift */,
				E8EE5D922CC238F500CD77B6 /* NavigationBarView.swift */,
				E806EA9F2CA3AD080081D3E8 /* SaveManagementView.swift */,
				E806EA592C9A834D0081D3E8 /* SettingsView.swift */,
				E88C684C2E2B017D00A7085E /* GamesListViewInner.swift */,
			);
			path = main;
			sourceTree = "<group>";
		};
		E8C245F92CBE068700B6DF67 /* save_states */ = {
			isa = PBXGroup;
			children = (
				E8C245FC2CBE06DD00B6DF67 /* SaveStateEntriesView.swift */,
				E8C246012CBE08D600B6DF67 /* SaveStateView.swift */,
				E8DF26BD2CC5F99600A88821 /* LoadStatesView.swift */,
				E8DF26BF2CC5FA5000A88821 /* LoadStateEntryView.swift */,
				E8A589472D03ED2E009D4337 /* GBAStateEntriesView.swift */,
				E84EE4502D0403B000CF15ED /* GBAStateView.swift */,
			);
			path = save_states;
			sourceTree = "<group>";
		};
		E8EE5D8B2CC224E600CD77B6 /* fonts */ = {
			isa = PBXGroup;
			children = (
				E8BA681E2CC49A3900CE7E54 /* DepartureMono.otf */,
				E8BA681D2CC49A3900CE7E54 /* DepartureMono.woff */,
				E8BA681C2CC49A3900CE7E54 /* DepartureMono.woff2 */,
			);
			path = fonts;
			sourceTree = "<group>";
		};
		E8EE5D982CC35F6C00CD77B6 /* modals */ = {
			isa = PBXGroup;
			children = (
				E8EE5D942CC342CA00CD77B6 /* GameEntryModal.swift */,
				E8BA68142CC4790800CE7E54 /* ResumeGameDialog.swift */,
				E8EE5D992CC35F8B00CD77B6 /* AlertModal.swift */,
				E8BA68122CC4537100CE7E54 /* DeleteDialog.swift */,
			);
			path = modals;
			sourceTree = "<group>";
		};
		E8EE5DA52CC429CC00CD77B6 /* serializable */ = {
			isa = PBXGroup;
			children = (
				E806EA712CA0DA720081D3E8 /* GameEntry.swift */,
				E806EA9B2CA246760081D3E8 /* DriveResponse.swift */,
				E806EA9D2CA2498B0081D3E8 /* FileJSON.swift */,
			);
			path = serializable;
			sourceTree = "<group>";
		};
/* End PBXGroup section */

/* Begin PBXNativeTarget section */
		E806E9F32C97E1B10081D3E8 /* PixelEmu */ = {
			isa = PBXNativeTarget;
			buildConfigurationList = E806EA182C97E1B20081D3E8 /* Build configuration list for PBXNativeTarget "PixelEmu" */;
			buildPhases = (
				5C6A71F79449220C84AA6CAC /* [CP] Check Pods Manifest.lock */,
				E806E9F02C97E1B10081D3E8 /* Sources */,
				E806E9F12C97E1B10081D3E8 /* Frameworks */,
				E806E9F22C97E1B10081D3E8 /* Resources */,
				03F3158270AFA065A09F02A0 /* [CP] Embed Pods Frameworks */,
			);
			buildRules = (
			);
			dependencies = (
			);
			name = PixelEmu;
			packageProductDependencies = (
				E806EA2F2C991CF70081D3E8 /* DSEmulatorMobile */,
				E8BBBC7D2CF981510065EF4E /* GBAEmulatorMobile */,
				E8293CBD2E28AD240052BEA4 /* GBCEmulatorMobile */,
			);
			productName = PixelEmu;
			productReference = E806E9F42C97E1B10081D3E8 /* PixelEmu.app */;
			productType = "com.apple.product-type.application";
		};
/* End PBXNativeTarget section */

/* Begin PBXProject section */
		E806E9EC2C97E1B10081D3E8 /* Project object */ = {
			isa = PBXProject;
			attributes = {
				BuildIndependentTargetsInParallel = 1;
				LastSwiftUpdateCheck = 1540;
				LastUpgradeCheck = 1540;
				TargetAttributes = {
					E806E9F32C97E1B10081D3E8 = {
						CreatedOnToolsVersion = 15.4;
					};
				};
			};
			buildConfigurationList = E806E9EF2C97E1B10081D3E8 /* Build configuration list for PBXProject "PixelEmu" */;
			compatibilityVersion = "Xcode 14.0";
			developmentRegion = en;
			hasScannedForEncodings = 0;
			knownRegions = (
				en,
				Base,
			);
			mainGroup = E806E9EB2C97E1B10081D3E8;
			packageReferences = (
				E806EA2E2C991CF70081D3E8 /* XCLocalSwiftPackageReference "../../rust-projects/ds-emulator/mobile/DSEmulatorMobile" */,
				E8BBBC7C2CF981510065EF4E /* XCLocalSwiftPackageReference "../../rust-projects/gba-emulator/mobile/GBAEmulatorMobile" */,
				E8293CBC2E28AD240052BEA4 /* XCLocalSwiftPackageReference "../../rust-projects/gbc-plus/mobile/GBCEmulatorMobile" */,
			);
			productRefGroup = E806E9F52C97E1B10081D3E8 /* Products */;
			projectDirPath = "";
			projectRoot = "";
			targets = (
				E806E9F32C97E1B10081D3E8 /* PixelEmu */,
			);
		};
/* End PBXProject section */

/* Begin PBXResourcesBuildPhase section */
		E806E9F22C97E1B10081D3E8 /* Resources */ = {
			isa = PBXResourcesBuildPhase;
			buildActionMask = 2147483647;
			files = (
				E806EA9A2CA1284B0081D3E8 /* .gitignore in Resources */,
				E806EA702CA0D8330081D3E8 /* game_db.json in Resources */,
				E8BA68202CC49A3900CE7E54 /* DepartureMono.woff in Resources */,
				E82A46F82D9B41210059BB67 /* PixelEmu-Info.plist in Resources */,
				E8BA68212CC49A3900CE7E54 /* DepartureMono.otf in Resources */,
				E8BA681F2CC49A3900CE7E54 /* DepartureMono.woff2 in Resources */,
				E8C245EC2CBCAA7300B6DF67 /* drastic_bios_arm9.bin in Resources */,
				E8BBBC882CFA91090065EF4E /* gba_bios.bin in Resources */,
				E8C245ED2CBCAA7300B6DF67 /* drastic_bios_arm7.bin in Resources */,
				E806E9FF2C97E1B20081D3E8 /* Preview Assets.xcassets in Resources */,
				E806E9FC2C97E1B20081D3E8 /* Assets.xcassets in Resources */,
				E8C245EB2CBCAA7300B6DF67 /* drastic_bios_readme.txt in Resources */,
			);
			runOnlyForDeploymentPostprocessing = 0;
		};
/* End PBXResourcesBuildPhase section */

/* Begin PBXShellScriptBuildPhase section */
		03F3158270AFA065A09F02A0 /* [CP] Embed Pods Frameworks */ = {
			isa = PBXShellScriptBuildPhase;
			buildActionMask = 2147483647;
			files = (
			);
			inputFileListPaths = (
				"${PODS_ROOT}/Target Support Files/Pods-PixelEmu/Pods-PixelEmu-frameworks-${CONFIGURATION}-input-files.xcfilelist",
			);
			name = "[CP] Embed Pods Frameworks";
			outputFileListPaths = (
				"${PODS_ROOT}/Target Support Files/Pods-PixelEmu/Pods-PixelEmu-frameworks-${CONFIGURATION}-output-files.xcfilelist",
			);
			runOnlyForDeploymentPostprocessing = 0;
			shellPath = /bin/sh;
			shellScript = "\"${PODS_ROOT}/Target Support Files/Pods-PixelEmu/Pods-PixelEmu-frameworks.sh\"\n";
			showEnvVarsInLog = 0;
		};
		5C6A71F79449220C84AA6CAC /* [CP] Check Pods Manifest.lock */ = {
			isa = PBXShellScriptBuildPhase;
			buildActionMask = 2147483647;
			files = (
			);
			inputFileListPaths = (
			);
			inputPaths = (
				"${PODS_PODFILE_DIR_PATH}/Podfile.lock",
				"${PODS_ROOT}/Manifest.lock",
			);
			name = "[CP] Check Pods Manifest.lock";
			outputFileListPaths = (
			);
			outputPaths = (
				"$(DERIVED_FILE_DIR)/Pods-PixelEmu-checkManifestLockResult.txt",
			);
			runOnlyForDeploymentPostprocessing = 0;
			shellPath = /bin/sh;
			shellScript = "diff \"${PODS_PODFILE_DIR_PATH}/Podfile.lock\" \"${PODS_ROOT}/Manifest.lock\" > /dev/null\nif [ $? != 0 ] ; then\n    # print error to STDERR\n    echo \"error: The sandbox is not in sync with the Podfile.lock. Run 'pod install' or update your CocoaPods installation.\" >&2\n    exit 1\nfi\n# This output is used by Xcode 'outputs' to avoid re-running this script phase.\necho \"SUCCESS\" > \"${SCRIPT_OUTPUT_FILE_0}\"\n";
			showEnvVarsInLog = 0;
		};
/* End PBXShellScriptBuildPhase section */

/* Begin PBXSourcesBuildPhase section */
		E806E9F02C97E1B10081D3E8 /* Sources */ = {
			isa = PBXSourcesBuildPhase;
			buildActionMask = 2147483647;
			files = (
				E8EE5D882CC2221600CD77B6 /* LibraryView.swift in Sources */,
				E806EA782CA1078F0081D3E8 /* TouchControlsView.swift in Sources */,
				E8EE5D862CC2216300CD77B6 /* CurrentView.swift in Sources */,
				E8BBBC682CF96AD10065EF4E /* GBAGame.swift in Sources */,
				E89681A72CD440CF00F7A316 /* StateManager.swift in Sources */,
				E88C684D2E2B017D00A7085E /* GamesListViewInner.swift in Sources */,
				E806EA5A2C9A834D0081D3E8 /* SettingsView.swift in Sources */,
				E88C68492E2AFEB500A7085E /* GBCGame.swift in Sources */,
				E8C245E42CB0F88B00B6DF67 /* GameScreenView.swift in Sources */,
				E806EA9C2CA246760081D3E8 /* DriveResponse.swift in Sources */,
				E806EAA42CA3B2300081D3E8 /* SaveEntry.swift in Sources */,
				E89681A92CD561A100F7A316 /* ControllerMappingsView.swift in Sources */,
				E8BA68152CC4790800CE7E54 /* ResumeGameDialog.swift in Sources */,
				E8C245E22CB0F4E300B6DF67 /* GameScreen.swift in Sources */,
				E806EA9E2CA2498B0081D3E8 /* FileJSON.swift in Sources */,
				E8A589482D03ED2E009D4337 /* GBAStateEntriesView.swift in Sources */,
				E8BBBC6A2CF96AEA0065EF4E /* MainLibraryView.swift in Sources */,
				E806EA5C2C9A8EA70081D3E8 /* GameController.swift in Sources */,
				E806EA742CA0EE100081D3E8 /* BackupFile.swift in Sources */,
				E84EE4512D0403B000CF15ED /* GBAStateView.swift in Sources */,
				E806EA7A2CA1117E0081D3E8 /* GamesListView.swift in Sources */,
				E8DF26BC2CC5F43800A88821 /* GameEntryViewWrapper.swift in Sources */,
				E82A46FA2D9B41380059BB67 /* PixelEmuApp.swift in Sources */,
				E806EA5E2C9BD6420081D3E8 /* Game.swift in Sources */,
				E84EE44F2D04024700CF15ED /* GBASaveState.swift in Sources */,
				E8BBBC862CFA71A20065EF4E /* ArtworkService.swift in Sources */,
				E806EA322C9935D00081D3E8 /* GraphicsParser.swift in Sources */,
				E8EE5D932CC238F500CD77B6 /* NavigationBarView.swift in Sources */,
				E8A214EF2CD0553800173E06 /* DualScreenView.swift in Sources */,
				E8DF26C02CC5FA5000A88821 /* LoadStateEntryView.swift in Sources */,
				E806E9FA2C97E1B10081D3E8 /* ContentView.swift in Sources */,
				E806EA722CA0DA720081D3E8 /* GameEntry.swift in Sources */,
				E8A5893E2D02C01C009D4337 /* MainSaveManagementView.swift in Sources */,
				E896C28D2CA67FFA008161AA /* AudioManager.swift in Sources */,
				E8EE5D8A2CC2227600CD77B6 /* ImportGamesView.swift in Sources */,
				E8EE5DA42CC37A8300CD77B6 /* ColorExtension.swift in Sources */,
				E84B3A8C2D016205003E0061 /* GBABackupFile.swift in Sources */,
				E8C246022CBE08D600B6DF67 /* SaveStateView.swift in Sources */,
				E8A214ED2CD052B700173E06 /* OrientationInfo.swift in Sources */,
				E8EE5D9A2CC35F8B00CD77B6 /* AlertModal.swift in Sources */,
				E8293CCE2E2A05E00052BEA4 /* EmulatorWrapper.swift in Sources */,
				E8A334062CFAD03A00765ABB /* GBAScreenViewWrapper.swift in Sources */,
				E8EE5D952CC342CA00CD77B6 /* GameEntryModal.swift in Sources */,
				E8A334042CFACF8C00765ABB /* GBAScreenView.swift in Sources */,
				E8293CCA2E28B6C30052BEA4 /* Playable.swift in Sources */,
				E8C245EF2CBCC36F00B6DF67 /* DualScreenViewWrapper.swift in Sources */,
				E8C245FD2CBE06DD00B6DF67 /* SaveStateEntriesView.swift in Sources */,
				E8DF26BE2CC5F99600A88821 /* LoadStatesView.swift in Sources */,
				E806EAA02CA3AD080081D3E8 /* SaveManagementView.swift in Sources */,
				E8EE5D972CC3491A00CD77B6 /* Colors.swift in Sources */,
				E8BA68132CC4537100CE7E54 /* DeleteDialog.swift in Sources */,
				E8C245F82CBE043B00B6DF67 /* SaveState.swift in Sources */,
				E8A334022CFABD6600765ABB /* GBATouchControlsView.swift in Sources */,
				E806EA602C9BF9840081D3E8 /* GameView.swift in Sources */,
				E806EAA62CA3B3540081D3E8 /* GameEntryView.swift in Sources */,
				E806EA7C2CA115FA0081D3E8 /* CloudService.swift in Sources */,
				E89681AD2CD6D68500F7A316 /* ControllerMappingButtonView.swift in Sources */,
				E8C245F62CBDBA4500B6DF67 /* GameMenuView.swift in Sources */,
				E806EA2D2C982E8B0081D3E8 /* CurrentFile.swift in Sources */,
			);
			runOnlyForDeploymentPostprocessing = 0;
		};
/* End PBXSourcesBuildPhase section */

/* Begin XCBuildConfiguration section */
		E806EA162C97E1B20081D3E8 /* Debug */ = {
			isa = XCBuildConfiguration;
			buildSettings = {
				ALWAYS_SEARCH_USER_PATHS = NO;
				ASSETCATALOG_COMPILER_GENERATE_SWIFT_ASSET_SYMBOL_EXTENSIONS = YES;
				CLANG_ANALYZER_NONNULL = YES;
				CLANG_ANALYZER_NUMBER_OBJECT_CONVERSION = YES_AGGRESSIVE;
				CLANG_CXX_LANGUAGE_STANDARD = "gnu++20";
				CLANG_ENABLE_MODULES = YES;
				CLANG_ENABLE_OBJC_ARC = YES;
				CLANG_ENABLE_OBJC_WEAK = YES;
				CLANG_WARN_BLOCK_CAPTURE_AUTORELEASING = YES;
				CLANG_WARN_BOOL_CONVERSION = YES;
				CLANG_WARN_COMMA = YES;
				CLANG_WARN_CONSTANT_CONVERSION = YES;
				CLANG_WARN_DEPRECATED_OBJC_IMPLEMENTATIONS = YES;
				CLANG_WARN_DIRECT_OBJC_ISA_USAGE = YES_ERROR;
				CLANG_WARN_DOCUMENTATION_COMMENTS = YES;
				CLANG_WARN_EMPTY_BODY = YES;
				CLANG_WARN_ENUM_CONVERSION = YES;
				CLANG_WARN_INFINITE_RECURSION = YES;
				CLANG_WARN_INT_CONVERSION = YES;
				CLANG_WARN_NON_LITERAL_NULL_CONVERSION = YES;
				CLANG_WARN_OBJC_IMPLICIT_RETAIN_SELF = YES;
				CLANG_WARN_OBJC_LITERAL_CONVERSION = YES;
				CLANG_WARN_OBJC_ROOT_CLASS = YES_ERROR;
				CLANG_WARN_QUOTED_INCLUDE_IN_FRAMEWORK_HEADER = YES;
				CLANG_WARN_RANGE_LOOP_ANALYSIS = YES;
				CLANG_WARN_STRICT_PROTOTYPES = YES;
				CLANG_WARN_SUSPICIOUS_MOVE = YES;
				CLANG_WARN_UNGUARDED_AVAILABILITY = YES_AGGRESSIVE;
				CLANG_WARN_UNREACHABLE_CODE = YES;
				CLANG_WARN__DUPLICATE_METHOD_MATCH = YES;
				COPY_PHASE_STRIP = NO;
				DEBUG_INFORMATION_FORMAT = dwarf;
				ENABLE_STRICT_OBJC_MSGSEND = YES;
				ENABLE_TESTABILITY = YES;
				ENABLE_USER_SCRIPT_SANDBOXING = YES;
				GCC_C_LANGUAGE_STANDARD = gnu17;
				GCC_DYNAMIC_NO_PIC = NO;
				GCC_NO_COMMON_BLOCKS = YES;
				GCC_OPTIMIZATION_LEVEL = 0;
				GCC_PREPROCESSOR_DEFINITIONS = (
					"DEBUG=1",
					"$(inherited)",
				);
				GCC_WARN_64_TO_32_BIT_CONVERSION = YES;
				GCC_WARN_ABOUT_RETURN_TYPE = YES_ERROR;
				GCC_WARN_UNDECLARED_SELECTOR = YES;
				GCC_WARN_UNINITIALIZED_AUTOS = YES_AGGRESSIVE;
				GCC_WARN_UNUSED_FUNCTION = YES;
				GCC_WARN_UNUSED_VARIABLE = YES;
				IPHONEOS_DEPLOYMENT_TARGET = 17.5;
				LOCALIZATION_PREFERS_STRING_CATALOGS = YES;
				MTL_ENABLE_DEBUG_INFO = INCLUDE_SOURCE;
				MTL_FAST_MATH = YES;
				ONLY_ACTIVE_ARCH = YES;
				SDKROOT = iphoneos;
				SWIFT_ACTIVE_COMPILATION_CONDITIONS = "DEBUG $(inherited)";
				SWIFT_OPTIMIZATION_LEVEL = "-Onone";
			};
			name = Debug;
		};
		E806EA172C97E1B20081D3E8 /* Release */ = {
			isa = XCBuildConfiguration;
			buildSettings = {
				ALWAYS_SEARCH_USER_PATHS = NO;
				ASSETCATALOG_COMPILER_GENERATE_SWIFT_ASSET_SYMBOL_EXTENSIONS = YES;
				CLANG_ANALYZER_NONNULL = YES;
				CLANG_ANALYZER_NUMBER_OBJECT_CONVERSION = YES_AGGRESSIVE;
				CLANG_CXX_LANGUAGE_STANDARD = "gnu++20";
				CLANG_ENABLE_MODULES = YES;
				CLANG_ENABLE_OBJC_ARC = YES;
				CLANG_ENABLE_OBJC_WEAK = YES;
				CLANG_WARN_BLOCK_CAPTURE_AUTORELEASING = YES;
				CLANG_WARN_BOOL_CONVERSION = YES;
				CLANG_WARN_COMMA = YES;
				CLANG_WARN_CONSTANT_CONVERSION = YES;
				CLANG_WARN_DEPRECATED_OBJC_IMPLEMENTATIONS = YES;
				CLANG_WARN_DIRECT_OBJC_ISA_USAGE = YES_ERROR;
				CLANG_WARN_DOCUMENTATION_COMMENTS = YES;
				CLANG_WARN_EMPTY_BODY = YES;
				CLANG_WARN_ENUM_CONVERSION = YES;
				CLANG_WARN_INFINITE_RECURSION = YES;
				CLANG_WARN_INT_CONVERSION = YES;
				CLANG_WARN_NON_LITERAL_NULL_CONVERSION = YES;
				CLANG_WARN_OBJC_IMPLICIT_RETAIN_SELF = YES;
				CLANG_WARN_OBJC_LITERAL_CONVERSION = YES;
				CLANG_WARN_OBJC_ROOT_CLASS = YES_ERROR;
				CLANG_WARN_QUOTED_INCLUDE_IN_FRAMEWORK_HEADER = YES;
				CLANG_WARN_RANGE_LOOP_ANALYSIS = YES;
				CLANG_WARN_STRICT_PROTOTYPES = YES;
				CLANG_WARN_SUSPICIOUS_MOVE = YES;
				CLANG_WARN_UNGUARDED_AVAILABILITY = YES_AGGRESSIVE;
				CLANG_WARN_UNREACHABLE_CODE = YES;
				CLANG_WARN__DUPLICATE_METHOD_MATCH = YES;
				COPY_PHASE_STRIP = NO;
				DEBUG_INFORMATION_FORMAT = "dwarf-with-dsym";
				ENABLE_NS_ASSERTIONS = NO;
				ENABLE_STRICT_OBJC_MSGSEND = YES;
				ENABLE_USER_SCRIPT_SANDBOXING = YES;
				GCC_C_LANGUAGE_STANDARD = gnu17;
				GCC_NO_COMMON_BLOCKS = YES;
				GCC_WARN_64_TO_32_BIT_CONVERSION = YES;
				GCC_WARN_ABOUT_RETURN_TYPE = YES_ERROR;
				GCC_WARN_UNDECLARED_SELECTOR = YES;
				GCC_WARN_UNINITIALIZED_AUTOS = YES_AGGRESSIVE;
				GCC_WARN_UNUSED_FUNCTION = YES;
				GCC_WARN_UNUSED_VARIABLE = YES;
				IPHONEOS_DEPLOYMENT_TARGET = 17.5;
				LOCALIZATION_PREFERS_STRING_CATALOGS = YES;
				MTL_ENABLE_DEBUG_INFO = NO;
				MTL_FAST_MATH = YES;
				SDKROOT = iphoneos;
				SWIFT_COMPILATION_MODE = wholemodule;
				VALIDATE_PRODUCT = YES;
			};
			name = Release;
		};
		E806EA192C97E1B20081D3E8 /* Debug */ = {
			isa = XCBuildConfiguration;
			baseConfigurationReference = 2C75F72BAAA59A0FBAF161BC /* Pods-PixelEmu.debug.xcconfig */;
			buildSettings = {
				ASSETCATALOG_COMPILER_APPICON_NAME = AppIcon;
				ASSETCATALOG_COMPILER_GLOBAL_ACCENT_COLOR_NAME = AccentColor;
				CODE_SIGN_STYLE = Automatic;
				CURRENT_PROJECT_VERSION = 1;
				DEVELOPMENT_ASSET_PATHS = "\"PixelEmu/Preview Content\"";
				DEVELOPMENT_TEAM = 72VANXCC9C;
				ENABLE_PREVIEWS = YES;
				ENABLE_USER_SCRIPT_SANDBOXING = NO;
				GENERATE_INFOPLIST_FILE = YES;
				INFOPLIST_FILE = "PixelEmu-Info.plist";
				INFOPLIST_KEY_GCSupportsControllerUserInteraction = YES;
				INFOPLIST_KEY_NSMicrophoneUsageDescription = "Need microphone access for recording audio for certain games";
				INFOPLIST_KEY_UIApplicationSceneManifest_Generation = YES;
				INFOPLIST_KEY_UIApplicationSupportsIndirectInputEvents = YES;
				INFOPLIST_KEY_UISupportedInterfaceOrientations_iPad = "UIInterfaceOrientationPortrait UIInterfaceOrientationPortraitUpsideDown UIInterfaceOrientationLandscapeLeft UIInterfaceOrientationLandscapeRight";
				INFOPLIST_KEY_UISupportedInterfaceOrientations_iPhone = "UIInterfaceOrientationPortrait UIInterfaceOrientationLandscapeLeft UIInterfaceOrientationLandscapeRight";
				IPHONEOS_DEPLOYMENT_TARGET = 18.1;
				LD_RUNPATH_SEARCH_PATHS = (
					"$(inherited)",
					"@executable_path/Frameworks",
				);
				MARKETING_VERSION = 1.0;
				PRODUCT_BUNDLE_IDENTIFIER = com.annecastrillon.PixelEmu;
				PRODUCT_NAME = PixelEmu;
				SUPPORTED_PLATFORMS = "iphoneos iphonesimulator";
				SUPPORTS_MACCATALYST = NO;
				SUPPORTS_MAC_DESIGNED_FOR_IPHONE_IPAD = NO;
				SUPPORTS_XR_DESIGNED_FOR_IPHONE_IPAD = NO;
				SWIFT_EMIT_LOC_STRINGS = YES;
				SWIFT_VERSION = 5.0;
				TARGETED_DEVICE_FAMILY = 1;
			};
			name = Debug;
		};
		E806EA1A2C97E1B20081D3E8 /* Release */ = {
			isa = XCBuildConfiguration;
			baseConfigurationReference = 0F25C770C3BB0D97257F1E0A /* Pods-PixelEmu.release.xcconfig */;
			buildSettings = {
				ASSETCATALOG_COMPILER_APPICON_NAME = AppIcon;
				ASSETCATALOG_COMPILER_GLOBAL_ACCENT_COLOR_NAME = AccentColor;
				CODE_SIGN_STYLE = Automatic;
				CURRENT_PROJECT_VERSION = 1;
				DEVELOPMENT_ASSET_PATHS = "\"PixelEmu/Preview Content\"";
				DEVELOPMENT_TEAM = 72VANXCC9C;
				ENABLE_PREVIEWS = YES;
				ENABLE_USER_SCRIPT_SANDBOXING = NO;
				GENERATE_INFOPLIST_FILE = YES;
				INFOPLIST_FILE = "PixelEmu-Info.plist";
				INFOPLIST_KEY_GCSupportsControllerUserInteraction = YES;
				INFOPLIST_KEY_NSMicrophoneUsageDescription = "Need microphone access for recording audio for certain games";
				INFOPLIST_KEY_UIApplicationSceneManifest_Generation = YES;
				INFOPLIST_KEY_UIApplicationSupportsIndirectInputEvents = YES;
				INFOPLIST_KEY_UISupportedInterfaceOrientations_iPad = "UIInterfaceOrientationPortrait UIInterfaceOrientationPortraitUpsideDown UIInterfaceOrientationLandscapeLeft UIInterfaceOrientationLandscapeRight";
				INFOPLIST_KEY_UISupportedInterfaceOrientations_iPhone = "UIInterfaceOrientationPortrait UIInterfaceOrientationLandscapeLeft UIInterfaceOrientationLandscapeRight";
				IPHONEOS_DEPLOYMENT_TARGET = 18.1;
				LD_RUNPATH_SEARCH_PATHS = (
					"$(inherited)",
					"@executable_path/Frameworks",
				);
				MARKETING_VERSION = 1.0;
				PRODUCT_BUNDLE_IDENTIFIER = com.annecastrillon.PixelEmu;
				PRODUCT_NAME = PixelEmu;
				SUPPORTED_PLATFORMS = "iphoneos iphonesimulator";
				SUPPORTS_MACCATALYST = NO;
				SUPPORTS_MAC_DESIGNED_FOR_IPHONE_IPAD = NO;
				SUPPORTS_XR_DESIGNED_FOR_IPHONE_IPAD = NO;
				SWIFT_EMIT_LOC_STRINGS = YES;
				SWIFT_VERSION = 5.0;
				TARGETED_DEVICE_FAMILY = 1;
			};
			name = Release;
		};
/* End XCBuildConfiguration section */

/* Begin XCConfigurationList section */
		E806E9EF2C97E1B10081D3E8 /* Build configuration list for PBXProject "PixelEmu" */ = {
			isa = XCConfigurationList;
			buildConfigurations = (
				E806EA162C97E1B20081D3E8 /* Debug */,
				E806EA172C97E1B20081D3E8 /* Release */,
			);
			defaultConfigurationIsVisible = 0;
			defaultConfigurationName = Release;
		};
		E806EA182C97E1B20081D3E8 /* Build configuration list for PBXNativeTarget "PixelEmu" */ = {
			isa = XCConfigurationList;
			buildConfigurations = (
				E806EA192C97E1B20081D3E8 /* Debug */,
				E806EA1A2C97E1B20081D3E8 /* Release */,
			);
			defaultConfigurationIsVisible = 0;
			defaultConfigurationName = Release;
		};
/* End XCConfigurationList section */

/* Begin XCLocalSwiftPackageReference section */
		E806EA2E2C991CF70081D3E8 /* XCLocalSwiftPackageReference "../../rust-projects/ds-emulator/mobile/DSEmulatorMobile" */ = {
			isa = XCLocalSwiftPackageReference;
			relativePath = "../../rust-projects/ds-emulator/mobile/DSEmulatorMobile";
		};
		E8293CBC2E28AD240052BEA4 /* XCLocalSwiftPackageReference "../../rust-projects/gbc-plus/mobile/GBCEmulatorMobile" */ = {
			isa = XCLocalSwiftPackageReference;
			relativePath = "../../rust-projects/gbc-plus/mobile/GBCEmulatorMobile";
		};
		E8BBBC7C2CF981510065EF4E /* XCLocalSwiftPackageReference "../../rust-projects/gba-emulator/mobile/GBAEmulatorMobile" */ = {
			isa = XCLocalSwiftPackageReference;
			relativePath = "../../rust-projects/gba-emulator/mobile/GBAEmulatorMobile";
		};
/* End XCLocalSwiftPackageReference section */

/* Begin XCSwiftPackageProductDependency section */
		E806EA2F2C991CF70081D3E8 /* DSEmulatorMobile */ = {
			isa = XCSwiftPackageProductDependency;
			productName = DSEmulatorMobile;
		};
		E8293CBD2E28AD240052BEA4 /* GBCEmulatorMobile */ = {
			isa = XCSwiftPackageProductDependency;
			productName = GBCEmulatorMobile;
		};
		E8BBBC7D2CF981510065EF4E /* GBAEmulatorMobile */ = {
			isa = XCSwiftPackageProductDependency;
			productName = GBAEmulatorMobile;
		};
/* End XCSwiftPackageProductDependency section */
	};
	rootObject = E806E9EC2C97E1B10081D3E8 /* Project object */;
}
